
Microsoft Visual Studio Solution File, Format Version 12.00
Project("{FAE04EC0-301F-11D3-BF4B-00C04F79EFBC}") = "Trsr.Domain", "Trsr.Domain\Trsr.Domain.csproj", "{6C196382-3E98-4CD7-B88B-677EA7EC3ACE}"
EndProject
Project("{FAE04EC0-301F-11D3-BF4B-00C04F79EFBC}") = "Trsr.Common", "Trsr.Common\Trsr.Common.csproj", "{E600B6DC-867E-4486-9228-BBB5B325620F}"
EndProject
Project("{FAE04EC0-301F-11D3-BF4B-00C04F79EFBC}") = "Trsr.Storage", "Trsr.Storage\Trsr.Storage.csproj", "{F68A66A0-1B9B-4C1C-884B-C0ED3BD3565A}"
EndProject
Project("{FAE04EC0-301F-11D3-BF4B-00C04F79EFBC}") = "Trsr.Storage.Tests", "Trsr.Storage.Tests\Trsr.Storage.Tests.csproj", "{DADB908B-C088-40BF-9AED-7BD699D75CD4}"
EndProject
Project("{FAE04EC0-301F-11D3-BF4B-00C04F79EFBC}") = "Trsr.Testing", "Trsr.Testing\Trsr.Testing.csproj", "{7ADC8063-F462-402C-844D-A2719BECB44F}"
EndProject
Project("{FAE04EC0-301F-11D3-BF4B-00C04F79EFBC}") = "Trsr.Common.Tests", "Trsr.Common.Tests\Trsr.Common.Tests.csproj", "{D9DAC0CF-11DA-4008-8529-721C37BB8C19}"
EndProject
Project("{FAE04EC0-301F-11D3-BF4B-00C04F79EFBC}") = "Trsr.Domain.Tests", "Trsr.Domain.Tests\Trsr.Domain.Tests.csproj", "{A7E5E9E4-3487-4160-8621-2D5F35A73567}"
EndProject
Project("{FAE04EC0-301F-11D3-BF4B-00C04F79EFBC}") = "Trsr.Api", "Trsr.Api\Trsr.Api.csproj", "{2745126B-A6B7-42B8-85C4-94708CCA8EA0}"
EndProject
Project("{FAE04EC0-301F-11D3-BF4B-00C04F79EFBC}") = "Trsr.Client.Sample", "Trsr.Client.Sample\Trsr.Client.Sample.csproj", "{5F2DC239-2AD3-4E7D-9435-333566D9FA74}"
EndProject
Global
	GlobalSection(SolutionConfigurationPlatforms) = preSolution
		Debug|Any CPU = Debug|Any CPU
		Debug|x64 = Debug|x64
		Debug|x86 = Debug|x86
		Release|Any CPU = Release|Any CPU
		Release|x64 = Release|x64
		Release|x86 = Release|x86
	EndGlobalSection
	GlobalSection(ProjectConfigurationPlatforms) = postSolution
		{6C196382-3E98-4CD7-B88B-677EA7EC3ACE}.Debug|Any CPU.ActiveCfg = Debug|Any CPU
		{6C196382-3E98-4CD7-B88B-677EA7EC3ACE}.Debug|Any CPU.Build.0 = Debug|Any CPU
		{6C196382-3E98-4CD7-B88B-677EA7EC3ACE}.Debug|x64.ActiveCfg = Debug|Any CPU
		{6C196382-3E98-4CD7-B88B-677EA7EC3ACE}.Debug|x64.Build.0 = Debug|Any CPU
		{6C196382-3E98-4CD7-B88B-677EA7EC3ACE}.Debug|x86.ActiveCfg = Debug|Any CPU
		{6C196382-3E98-4CD7-B88B-677EA7EC3ACE}.Debug|x86.Build.0 = Debug|Any CPU
		{6C196382-3E98-4CD7-B88B-677EA7EC3ACE}.Release|Any CPU.ActiveCfg = Release|Any CPU
		{6C196382-3E98-4CD7-B88B-677EA7EC3ACE}.Release|Any CPU.Build.0 = Release|Any CPU
		{6C196382-3E98-4CD7-B88B-677EA7EC3ACE}.Release|x64.ActiveCfg = Release|Any CPU
		{6C196382-3E98-4CD7-B88B-677EA7EC3ACE}.Release|x64.Build.0 = Release|Any CPU
		{6C196382-3E98-4CD7-B88B-677EA7EC3ACE}.Release|x86.ActiveCfg = Release|Any CPU
		{6C196382-3E98-4CD7-B88B-677EA7EC3ACE}.Release|x86.Build.0 = Release|Any CPU
		{E600B6DC-867E-4486-9228-BBB5B325620F}.Debug|Any CPU.ActiveCfg = Debug|Any CPU
		{E600B6DC-867E-4486-9228-BBB5B325620F}.Debug|Any CPU.Build.0 = Debug|Any CPU
		{E600B6DC-867E-4486-9228-BBB5B325620F}.Debug|x64.ActiveCfg = Debug|Any CPU
		{E600B6DC-867E-4486-9228-BBB5B325620F}.Debug|x64.Build.0 = Debug|Any CPU
		{E600B6DC-867E-4486-9228-BBB5B325620F}.Debug|x86.ActiveCfg = Debug|Any CPU
		{E600B6DC-867E-4486-9228-BBB5B325620F}.Debug|x86.Build.0 = Debug|Any CPU
		{E600B6DC-867E-4486-9228-BBB5B325620F}.Release|Any CPU.ActiveCfg = Release|Any CPU
		{E600B6DC-867E-4486-9228-BBB5B325620F}.Release|Any CPU.Build.0 = Release|Any CPU
		{E600B6DC-867E-4486-9228-BBB5B325620F}.Release|x64.ActiveCfg = Release|Any CPU
		{E600B6DC-867E-4486-9228-BBB5B325620F}.Release|x64.Build.0 = Release|Any CPU
		{E600B6DC-867E-4486-9228-BBB5B325620F}.Release|x86.ActiveCfg = Release|Any CPU
		{E600B6DC-867E-4486-9228-BBB5B325620F}.Release|x86.Build.0 = Release|Any CPU
		{F68A66A0-1B9B-4C1C-884B-C0ED3BD3565A}.Debug|Any CPU.ActiveCfg = Debug|Any CPU
		{F68A66A0-1B9B-4C1C-884B-C0ED3BD3565A}.Debug|Any CPU.Build.0 = Debug|Any CPU
		{F68A66A0-1B9B-4C1C-884B-C0ED3BD3565A}.Debug|x64.ActiveCfg = Debug|Any CPU
		{F68A66A0-1B9B-4C1C-884B-C0ED3BD3565A}.Debug|x64.Build.0 = Debug|Any CPU
		{F68A66A0-1B9B-4C1C-884B-C0ED3BD3565A}.Debug|x86.ActiveCfg = Debug|Any CPU
		{F68A66A0-1B9B-4C1C-884B-C0ED3BD3565A}.Debug|x86.Build.0 = Debug|Any CPU
		{F68A66A0-1B9B-4C1C-884B-C0ED3BD3565A}.Release|Any CPU.ActiveCfg = Release|Any CPU
		{F68A66A0-1B9B-4C1C-884B-C0ED3BD3565A}.Release|Any CPU.Build.0 = Release|Any CPU
		{F68A66A0-1B9B-4C1C-884B-C0ED3BD3565A}.Release|x64.ActiveCfg = Release|Any CPU
		{F68A66A0-1B9B-4C1C-884B-C0ED3BD3565A}.Release|x64.Build.0 = Release|Any CPU
		{F68A66A0-1B9B-4C1C-884B-C0ED3BD3565A}.Release|x86.ActiveCfg = Release|Any CPU
		{F68A66A0-1B9B-4C1C-884B-C0ED3BD3565A}.Release|x86.Build.0 = Release|Any CPU
		{DADB908B-C088-40BF-9AED-7BD699D75CD4}.Debug|Any CPU.ActiveCfg = Debug|Any CPU
		{DADB908B-C088-40BF-9AED-7BD699D75CD4}.Debug|Any CPU.Build.0 = Debug|Any CPU
		{DADB908B-C088-40BF-9AED-7BD699D75CD4}.Debug|x64.ActiveCfg = Debug|Any CPU
		{DADB908B-C088-40BF-9AED-7BD699D75CD4}.Debug|x64.Build.0 = Debug|Any CPU
		{DADB908B-C088-40BF-9AED-7BD699D75CD4}.Debug|x86.ActiveCfg = Debug|Any CPU
		{DADB908B-C088-40BF-9AED-7BD699D75CD4}.Debug|x86.Build.0 = Debug|Any CPU
		{DADB908B-C088-40BF-9AED-7BD699D75CD4}.Release|Any CPU.ActiveCfg = Release|Any CPU
		{DADB908B-C088-40BF-9AED-7BD699D75CD4}.Release|Any CPU.Build.0 = Release|Any CPU
		{DADB908B-C088-40BF-9AED-7BD699D75CD4}.Release|x64.ActiveCfg = Release|Any CPU
		{DADB908B-C088-40BF-9AED-7BD699D75CD4}.Release|x64.Build.0 = Release|Any CPU
		{DADB908B-C088-40BF-9AED-7BD699D75CD4}.Release|x86.ActiveCfg = Release|Any CPU
		{DADB908B-C088-40BF-9AED-7BD699D75CD4}.Release|x86.Build.0 = Release|Any CPU
		{7ADC8063-F462-402C-844D-A2719BECB44F}.Debug|Any CPU.ActiveCfg = Debug|Any CPU
		{7ADC8063-F462-402C-844D-A2719BECB44F}.Debug|Any CPU.Build.0 = Debug|Any CPU
		{7ADC8063-F462-402C-844D-A2719BECB44F}.Debug|x64.ActiveCfg = Debug|Any CPU
		{7ADC8063-F462-402C-844D-A2719BECB44F}.Debug|x64.Build.0 = Debug|Any CPU
		{7ADC8063-F462-402C-844D-A2719BECB44F}.Debug|x86.ActiveCfg = Debug|Any CPU
		{7ADC8063-F462-402C-844D-A2719BECB44F}.Debug|x86.Build.0 = Debug|Any CPU
		{7ADC8063-F462-402C-844D-A2719BECB44F}.Release|Any CPU.ActiveCfg = Release|Any CPU
		{7ADC8063-F462-402C-844D-A2719BECB44F}.Release|Any CPU.Build.0 = Release|Any CPU
		{7ADC8063-F462-402C-844D-A2719BECB44F}.Release|x64.ActiveCfg = Release|Any CPU
		{7ADC8063-F462-402C-844D-A2719BECB44F}.Release|x64.Build.0 = Release|Any CPU
		{7ADC8063-F462-402C-844D-A2719BECB44F}.Release|x86.ActiveCfg = Release|Any CPU
		{7ADC8063-F462-402C-844D-A2719BECB44F}.Release|x86.Build.0 = Release|Any CPU
		{D9DAC0CF-11DA-4008-8529-721C37BB8C19}.Debug|Any CPU.ActiveCfg = Debug|Any CPU
		{D9DAC0CF-11DA-4008-8529-721C37BB8C19}.Debug|Any CPU.Build.0 = Debug|Any CPU
		{D9DAC0CF-11DA-4008-8529-721C37BB8C19}.Debug|x64.ActiveCfg = Debug|Any CPU
		{D9DAC0CF-11DA-4008-8529-721C37BB8C19}.Debug|x64.Build.0 = Debug|Any CPU
		{D9DAC0CF-11DA-4008-8529-721C37BB8C19}.Debug|x86.ActiveCfg = Debug|Any CPU
		{D9DAC0CF-11DA-4008-8529-721C37BB8C19}.Debug|x86.Build.0 = Debug|Any CPU
		{D9DAC0CF-11DA-4008-8529-721C37BB8C19}.Release|Any CPU.ActiveCfg = Release|Any CPU
		{D9DAC0CF-11DA-4008-8529-721C37BB8C19}.Release|Any CPU.Build.0 = Release|Any CPU
		{D9DAC0CF-11DA-4008-8529-721C37BB8C19}.Release|x64.ActiveCfg = Release|Any CPU
		{D9DAC0CF-11DA-4008-8529-721C37BB8C19}.Release|x64.Build.0 = Release|Any CPU
		{D9DAC0CF-11DA-4008-8529-721C37BB8C19}.Release|x86.ActiveCfg = Release|Any CPU
		{D9DAC0CF-11DA-4008-8529-721C37BB8C19}.Release|x86.Build.0 = Release|Any CPU
		{A7E5E9E4-3487-4160-8621-2D5F35A73567}.Debug|Any CPU.ActiveCfg = Debug|Any CPU
		{A7E5E9E4-3487-4160-8621-2D5F35A73567}.Debug|Any CPU.Build.0 = Debug|Any CPU
		{A7E5E9E4-3487-4160-8621-2D5F35A73567}.Debug|x64.ActiveCfg = Debug|Any CPU
		{A7E5E9E4-3487-4160-8621-2D5F35A73567}.Debug|x64.Build.0 = Debug|Any CPU
		{A7E5E9E4-3487-4160-8621-2D5F35A73567}.Debug|x86.ActiveCfg = Debug|Any CPU
		{A7E5E9E4-3487-4160-8621-2D5F35A73567}.Debug|x86.Build.0 = Debug|Any CPU
		{A7E5E9E4-3487-4160-8621-2D5F35A73567}.Release|Any CPU.ActiveCfg = Release|Any CPU
		{A7E5E9E4-3487-4160-8621-2D5F35A73567}.Release|Any CPU.Build.0 = Release|Any CPU
		{A7E5E9E4-3487-4160-8621-2D5F35A73567}.Release|x64.ActiveCfg = Release|Any CPU
		{A7E5E9E4-3487-4160-8621-2D5F35A73567}.Release|x64.Build.0 = Release|Any CPU
		{A7E5E9E4-3487-4160-8621-2D5F35A73567}.Release|x86.ActiveCfg = Release|Any CPU
		{A7E5E9E4-3487-4160-8621-2D5F35A73567}.Release|x86.Build.0 = Release|Any CPU
		{2745126B-A6B7-42B8-85C4-94708CCA8EA0}.Debug|Any CPU.ActiveCfg = Debug|Any CPU
		{2745126B-A6B7-42B8-85C4-94708CCA8EA0}.Debug|Any CPU.Build.0 = Debug|Any CPU
		{2745126B-A6B7-42B8-85C4-94708CCA8EA0}.Debug|x64.ActiveCfg = Debug|Any CPU
		{2745126B-A6B7-42B8-85C4-94708CCA8EA0}.Debug|x64.Build.0 = Debug|Any CPU
		{2745126B-A6B7-42B8-85C4-94708CCA8EA0}.Debug|x86.ActiveCfg = Debug|Any CPU
		{2745126B-A6B7-42B8-85C4-94708CCA8EA0}.Debug|x86.Build.0 = Debug|Any CPU
		{2745126B-A6B7-42B8-85C4-94708CCA8EA0}.Release|Any CPU.ActiveCfg = Release|Any CPU
		{2745126B-A6B7-42B8-85C4-94708CCA8EA0}.Release|Any CPU.Build.0 = Release|Any CPU
		{2745126B-A6B7-42B8-85C4-94708CCA8EA0}.Release|x64.ActiveCfg = Release|Any CPU
		{2745126B-A6B7-42B8-85C4-94708CCA8EA0}.Release|x64.Build.0 = Release|Any CPU
		{2745126B-A6B7-42B8-85C4-94708CCA8EA0}.Release|x86.ActiveCfg = Release|Any CPU
		{2745126B-A6B7-42B8-85C4-94708CCA8EA0}.Release|x86.Build.0 = Release|Any CPU
		{5F2DC239-2AD3-4E7D-9435-333566D9FA74}.Debug|Any CPU.ActiveCfg = Debug|Any CPU
		{5F2DC239-2AD3-4E7D-9435-333566D9FA74}.Debug|Any CPU.Build.0 = Debug|Any CPU
		{5F2DC239-2AD3-4E7D-9435-333566D9FA74}.Debug|x64.ActiveCfg = Debug|Any CPU
		{5F2DC239-2AD3-4E7D-9435-333566D9FA74}.Debug|x64.Build.0 = Debug|Any CPU
		{5F2DC239-2AD3-4E7D-9435-333566D9FA74}.Debug|x86.ActiveCfg = Debug|Any CPU
		{5F2DC239-2AD3-4E7D-9435-333566D9FA74}.Debug|x86.Build.0 = Debug|Any CPU
		{5F2DC239-2AD3-4E7D-9435-333566D9FA74}.Release|Any CPU.ActiveCfg = Release|Any CPU
		{5F2DC239-2AD3-4E7D-9435-333566D9FA74}.Release|Any CPU.Build.0 = Release|Any CPU
		{5F2DC239-2AD3-4E7D-9435-333566D9FA74}.Release|x64.ActiveCfg = Release|Any CPU
		{5F2DC239-2AD3-4E7D-9435-333566D9FA74}.Release|x64.Build.0 = Release|Any CPU
		{5F2DC239-2AD3-4E7D-9435-333566D9FA74}.Release|x86.ActiveCfg = Release|Any CPU
		{5F2DC239-2AD3-4E7D-9435-333566D9FA74}.Release|x86.Build.0 = Release|Any CPU
	EndGlobalSection
	GlobalSection(SolutionProperties) = preSolution
		HideSolutionNode = FALSE
	EndGlobalSection
EndGlobal
